
Microsoft Visual Studio Solution File, Format Version 12.00
# Visual Studio Version 16
VisualStudioVersion = 16.0.31129.286
MinimumVisualStudioVersion = 10.0.40219.1
Project("{FAE04EC0-301F-11D3-BF4B-00C04F79EFBC}") = "exercicio", "exercicio\exercicio.csproj", "{2CD2FFA7-BB03-4EA8-8BB0-1BA27F70C7C1}"
EndProject
Global
	GlobalSection(SolutionConfigurationPlatforms) = preSolution
		Debug|Any CPU = Debug|Any CPU
		Release|Any CPU = Release|Any CPU
	EndGlobalSection
	GlobalSection(ProjectConfigurationPlatforms) = postSolution
		{2CD2FFA7-BB03-4EA8-8BB0-1BA27F70C7C1}.Debug|Any CPU.ActiveCfg = Debug|Any CPU
		{2CD2FFA7-BB03-4EA8-8BB0-1BA27F70C7C1}.Debug|Any CPU.Build.0 = Debug|Any CPU
		{2CD2FFA7-BB03-4EA8-8BB0-1BA27F70C7C1}.Release|Any CPU.ActiveCfg = Release|Any CPU
		{2CD2FFA7-BB03-4EA8-8BB0-1BA27F70C7C1}.Release|Any CPU.Build.0 = Release|Any CPU
	EndGlobalSection
	GlobalSection(SolutionProperties) = preSolution
		HideSolutionNode = FALSE
	EndGlobalSection
	GlobalSection(ExtensibilityGlobals) = postSolution
		SolutionGuid = {4B1403F6-E53C-4105-995E-3E2E312BF462}
	EndGlobalSection
EndGlobal
