
Microsoft Visual Studio Solution File, Format Version 12.00
# Visual Studio Version 16
VisualStudioVersion = 16.0.31129.286
MinimumVisualStudioVersion = 10.0.40219.1
Project("{FAE04EC0-301F-11D3-BF4B-00C04F79EFBC}") = "exercicio2", "exercicio2\exercicio2.csproj", "{EE355D56-9CCB-4804-8C68-368B8DF7AC5B}"
EndProject
Global
	GlobalSection(SolutionConfigurationPlatforms) = preSolution
		Debug|Any CPU = Debug|Any CPU
		Release|Any CPU = Release|Any CPU
	EndGlobalSection
	GlobalSection(ProjectConfigurationPlatforms) = postSolution
		{EE355D56-9CCB-4804-8C68-368B8DF7AC5B}.Debug|Any CPU.ActiveCfg = Debug|Any CPU
		{EE355D56-9CCB-4804-8C68-368B8DF7AC5B}.Debug|Any CPU.Build.0 = Debug|Any CPU
		{EE355D56-9CCB-4804-8C68-368B8DF7AC5B}.Release|Any CPU.ActiveCfg = Release|Any CPU
		{EE355D56-9CCB-4804-8C68-368B8DF7AC5B}.Release|Any CPU.Build.0 = Release|Any CPU
	EndGlobalSection
	GlobalSection(SolutionProperties) = preSolution
		HideSolutionNode = FALSE
	EndGlobalSection
	GlobalSection(ExtensibilityGlobals) = postSolution
		SolutionGuid = {45AA96ED-238B-4826-9711-79DAC7046431}
	EndGlobalSection
EndGlobal
