
Microsoft Visual Studio Solution File, Format Version 12.00
# Visual Studio Version 16
VisualStudioVersion = 16.0.31129.286
MinimumVisualStudioVersion = 10.0.40219.1
Project("{FAE04EC0-301F-11D3-BF4B-00C04F79EFBC}") = "exercicio2", "exercicio2\exercicio2.csproj", "{409BFF8B-30DC-49FB-AEBF-B8D85B646E83}"
EndProject
Global
	GlobalSection(SolutionConfigurationPlatforms) = preSolution
		Debug|Any CPU = Debug|Any CPU
		Release|Any CPU = Release|Any CPU
	EndGlobalSection
	GlobalSection(ProjectConfigurationPlatforms) = postSolution
		{409BFF8B-30DC-49FB-AEBF-B8D85B646E83}.Debug|Any CPU.ActiveCfg = Debug|Any CPU
		{409BFF8B-30DC-49FB-AEBF-B8D85B646E83}.Debug|Any CPU.Build.0 = Debug|Any CPU
		{409BFF8B-30DC-49FB-AEBF-B8D85B646E83}.Release|Any CPU.ActiveCfg = Release|Any CPU
		{409BFF8B-30DC-49FB-AEBF-B8D85B646E83}.Release|Any CPU.Build.0 = Release|Any CPU
	EndGlobalSection
	GlobalSection(SolutionProperties) = preSolution
		HideSolutionNode = FALSE
	EndGlobalSection
	GlobalSection(ExtensibilityGlobals) = postSolution
		SolutionGuid = {ED185EC2-AAB8-44F8-981D-B5858EC31E18}
	EndGlobalSection
EndGlobal
