
Microsoft Visual Studio Solution File, Format Version 12.00
# Visual Studio Version 16
VisualStudioVersion = 16.0.31129.286
MinimumVisualStudioVersion = 10.0.40219.1
Project("{FAE04EC0-301F-11D3-BF4B-00C04F79EFBC}") = "exercicio5", "exercicio5\exercicio5.csproj", "{70EA9313-0E03-4449-9A35-C76C12851FBE}"
EndProject
Global
	GlobalSection(SolutionConfigurationPlatforms) = preSolution
		Debug|Any CPU = Debug|Any CPU
		Release|Any CPU = Release|Any CPU
	EndGlobalSection
	GlobalSection(ProjectConfigurationPlatforms) = postSolution
		{70EA9313-0E03-4449-9A35-C76C12851FBE}.Debug|Any CPU.ActiveCfg = Debug|Any CPU
		{70EA9313-0E03-4449-9A35-C76C12851FBE}.Debug|Any CPU.Build.0 = Debug|Any CPU
		{70EA9313-0E03-4449-9A35-C76C12851FBE}.Release|Any CPU.ActiveCfg = Release|Any CPU
		{70EA9313-0E03-4449-9A35-C76C12851FBE}.Release|Any CPU.Build.0 = Release|Any CPU
	EndGlobalSection
	GlobalSection(SolutionProperties) = preSolution
		HideSolutionNode = FALSE
	EndGlobalSection
	GlobalSection(ExtensibilityGlobals) = postSolution
		SolutionGuid = {E5FD7EF8-CD93-4413-9EA4-7E4C261309AB}
	EndGlobalSection
EndGlobal
