
Microsoft Visual Studio Solution File, Format Version 12.00
# Visual Studio Version 16
VisualStudioVersion = 16.0.31129.286
MinimumVisualStudioVersion = 10.0.40219.1
Project("{FAE04EC0-301F-11D3-BF4B-00C04F79EFBC}") = "aw9", "aw9\aw9.csproj", "{30E0A2FC-FFC9-421A-993D-F99208ED7888}"
EndProject
Global
	GlobalSection(SolutionConfigurationPlatforms) = preSolution
		Debug|Any CPU = Debug|Any CPU
		Release|Any CPU = Release|Any CPU
	EndGlobalSection
	GlobalSection(ProjectConfigurationPlatforms) = postSolution
		{30E0A2FC-FFC9-421A-993D-F99208ED7888}.Debug|Any CPU.ActiveCfg = Debug|Any CPU
		{30E0A2FC-FFC9-421A-993D-F99208ED7888}.Debug|Any CPU.Build.0 = Debug|Any CPU
		{30E0A2FC-FFC9-421A-993D-F99208ED7888}.Release|Any CPU.ActiveCfg = Release|Any CPU
		{30E0A2FC-FFC9-421A-993D-F99208ED7888}.Release|Any CPU.Build.0 = Release|Any CPU
	EndGlobalSection
	GlobalSection(SolutionProperties) = preSolution
		HideSolutionNode = FALSE
	EndGlobalSection
	GlobalSection(ExtensibilityGlobals) = postSolution
		SolutionGuid = {E4EF4661-442D-4267-A4F4-DACC3BE2E741}
	EndGlobalSection
EndGlobal
