
Microsoft Visual Studio Solution File, Format Version 12.00
# Visual Studio Version 16
VisualStudioVersion = 16.0.31129.286
MinimumVisualStudioVersion = 10.0.40219.1
Project("{FAE04EC0-301F-11D3-BF4B-00C04F79EFBC}") = "exercicio1", "exercicio1\exercicio1.csproj", "{6961685D-95F8-4C3D-83C7-2AA3B5B7339D}"
EndProject
Global
	GlobalSection(SolutionConfigurationPlatforms) = preSolution
		Debug|Any CPU = Debug|Any CPU
		Release|Any CPU = Release|Any CPU
	EndGlobalSection
	GlobalSection(ProjectConfigurationPlatforms) = postSolution
		{6961685D-95F8-4C3D-83C7-2AA3B5B7339D}.Debug|Any CPU.ActiveCfg = Debug|Any CPU
		{6961685D-95F8-4C3D-83C7-2AA3B5B7339D}.Debug|Any CPU.Build.0 = Debug|Any CPU
		{6961685D-95F8-4C3D-83C7-2AA3B5B7339D}.Release|Any CPU.ActiveCfg = Release|Any CPU
		{6961685D-95F8-4C3D-83C7-2AA3B5B7339D}.Release|Any CPU.Build.0 = Release|Any CPU
	EndGlobalSection
	GlobalSection(SolutionProperties) = preSolution
		HideSolutionNode = FALSE
	EndGlobalSection
	GlobalSection(ExtensibilityGlobals) = postSolution
		SolutionGuid = {FC559ABD-F2D7-4993-B321-2FCBE2B7E22D}
	EndGlobalSection
EndGlobal
