
Microsoft Visual Studio Solution File, Format Version 12.00
# Visual Studio Version 16
VisualStudioVersion = 16.0.31129.286
MinimumVisualStudioVersion = 10.0.40219.1
Project("{FAE04EC0-301F-11D3-BF4B-00C04F79EFBC}") = "exercicio2", "exercicio2\exercicio2.csproj", "{79EBA3F5-1655-44D0-AE55-E8945020AA14}"
EndProject
Global
	GlobalSection(SolutionConfigurationPlatforms) = preSolution
		Debug|Any CPU = Debug|Any CPU
		Release|Any CPU = Release|Any CPU
	EndGlobalSection
	GlobalSection(ProjectConfigurationPlatforms) = postSolution
		{79EBA3F5-1655-44D0-AE55-E8945020AA14}.Debug|Any CPU.ActiveCfg = Debug|Any CPU
		{79EBA3F5-1655-44D0-AE55-E8945020AA14}.Debug|Any CPU.Build.0 = Debug|Any CPU
		{79EBA3F5-1655-44D0-AE55-E8945020AA14}.Release|Any CPU.ActiveCfg = Release|Any CPU
		{79EBA3F5-1655-44D0-AE55-E8945020AA14}.Release|Any CPU.Build.0 = Release|Any CPU
	EndGlobalSection
	GlobalSection(SolutionProperties) = preSolution
		HideSolutionNode = FALSE
	EndGlobalSection
	GlobalSection(ExtensibilityGlobals) = postSolution
		SolutionGuid = {9169F939-D3D9-460B-B3E5-080AC88DF2ED}
	EndGlobalSection
EndGlobal
